Microsoft Visual Studio Solution File, Format Version 11.00
# Visual Studio 2008

Project("{44DC4AF5-0571-E2A1-E4E4-220E5F1D42EB}") = "line dot", "Assembly-CSharp.csproj", "{D0C9F621-0285-CE8C-6CA3-C734E21396B5}"
EndProject
Project("{44DC4AF5-0571-E2A1-E4E4-220E5F1D42EB}") = "line dot", "Assembly-UnityScript.unityproj", "{E6C4D7AF-D468-B9EB-E9B6-1ACC2B3D058B}"
EndProject
Global
	GlobalSection(SolutionConfigurationPlatforms) = preSolution
		Debug|Any CPU = Debug|Any CPU
		Release|Any CPU = Release|Any CPU
	EndGlobalSection
	GlobalSection(ProjectConfigurationPlatforms) = postSolution
		{D0C9F621-0285-CE8C-6CA3-C734E21396B5}.Debug|Any CPU.ActiveCfg = Debug|Any CPU
		{D0C9F621-0285-CE8C-6CA3-C734E21396B5}.Debug|Any CPU.Build.0 = Debug|Any CPU
		{D0C9F621-0285-CE8C-6CA3-C734E21396B5}.Release|Any CPU.ActiveCfg = Release|Any CPU
		{D0C9F621-0285-CE8C-6CA3-C734E21396B5}.Release|Any CPU.Build.0 = Release|Any CPU
		{E6C4D7AF-D468-B9EB-E9B6-1ACC2B3D058B}.Debug|Any CPU.ActiveCfg = Debug|Any CPU
		{E6C4D7AF-D468-B9EB-E9B6-1ACC2B3D058B}.Debug|Any CPU.Build.0 = Debug|Any CPU
		{E6C4D7AF-D468-B9EB-E9B6-1ACC2B3D058B}.Release|Any CPU.ActiveCfg = Release|Any CPU
		{E6C4D7AF-D468-B9EB-E9B6-1ACC2B3D058B}.Release|Any CPU.Build.0 = Release|Any CPU
	EndGlobalSection
	GlobalSection(SolutionProperties) = preSolution
		HideSolutionNode = FALSE
	EndGlobalSection
											GlobalSection(MonoDevelopProperties) = preSolution
		StartupItem = Assembly-CSharp.csproj
		Policies = $0
		$0.TextStylePolicy = $1
		$1.inheritsSet = null
		$1.scope = text/x-csharp
		$0.CSharpFormattingPolicy = $2
		$2.inheritsSet = Mono
		$2.inheritsScope = text/x-csharp
		$2.scope = text/x-csharp
		$0.TextStylePolicy = $3
		$3.FileWidth = 120
		$3.TabWidth = 4
		$3.IndentWidth = 4
		$3.EolMarker = Unix
		$3.inheritsSet = Mono
		$3.inheritsScope = text/plain
		$3.scope = text/plain
	EndGlobalSection

EndGlobal
